
Microsoft Visual Studio Solution File, Format Version 12.00
# Visual Studio 15
Project("{FAE04EC0-301F-11D3-BF4B-00C04F79EFBC}") = "MDemo", "MDemo\MDemo.csproj", "{5DA97CE4-5FE8-4412-8A88-89A66A6FA889}"
EndProject
Global
	GlobalSection(SolutionConfigurationPlatforms) = preSolution
		Debug|Any CPU = Debug|Any CPU
		Release|Any CPU = Release|Any CPU
	EndGlobalSection
	GlobalSection(ProjectConfigurationPlatforms) = postSolution
		{5DA97CE4-5FE8-4412-8A88-89A66A6FA889}.Debug|Any CPU.ActiveCfg = Debug|Any CPU
		{5DA97CE4-5FE8-4412-8A88-89A66A6FA889}.Debug|Any CPU.Build.0 = Debug|Any CPU
		{5DA97CE4-5FE8-4412-8A88-89A66A6FA889}.Release|Any CPU.ActiveCfg = Release|Any CPU
		{5DA97CE4-5FE8-4412-8A88-89A66A6FA889}.Release|Any CPU.Build.0 = Release|Any CPU
	EndGlobalSection
EndGlobal
